
Microsoft Visual Studio Solution File, Format Version 12.00
# Visual Studio 15
VisualStudioVersion = 15.0.28010.2050
MinimumVisualStudioVersion = 10.0.40219.1
Project("{FAE04EC0-301F-11D3-BF4B-00C04F79EFBC}") = "EmployeePay", "Employee\EmployeePay.csproj", "{3B09E7FC-8A55-4DC9-932B-3D1F6D2EA34E}"
EndProject
Global
	GlobalSection(SolutionConfigurationPlatforms) = preSolution
		Debug|Any CPU = Debug|Any CPU
		Release|Any CPU = Release|Any CPU
	EndGlobalSection
	GlobalSection(ProjectConfigurationPlatforms) = postSolution
		{3B09E7FC-8A55-4DC9-932B-3D1F6D2EA34E}.Debug|Any CPU.ActiveCfg = Debug|Any CPU
		{3B09E7FC-8A55-4DC9-932B-3D1F6D2EA34E}.Debug|Any CPU.Build.0 = Debug|Any CPU
		{3B09E7FC-8A55-4DC9-932B-3D1F6D2EA34E}.Release|Any CPU.ActiveCfg = Release|Any CPU
		{3B09E7FC-8A55-4DC9-932B-3D1F6D2EA34E}.Release|Any CPU.Build.0 = Release|Any CPU
	EndGlobalSection
	GlobalSection(SolutionProperties) = preSolution
		HideSolutionNode = FALSE
	EndGlobalSection
	GlobalSection(ExtensibilityGlobals) = postSolution
		SolutionGuid = {EC832491-446A-4BCC-A868-14304DFCF403}
	EndGlobalSection
EndGlobal
